uuid: 45fe91d6-61fc-42c5-b8b2-de31d39069bd
langcode: en
status: true
dependencies:
  module:
    - block_content
    - entity_reference_revisions
    - paragraphs
id: block_content.field_paragraph_block
field_name: field_paragraph_block
entity_type: block_content
type: entity_reference_revisions
settings:
  target_type: paragraph
module: entity_reference_revisions
locked: false
cardinality: -1
translatable: true
indexes: {  }
persist_with_no_fields: false
custom_storage: false
