uuid: 5842434a-493a-4533-ba82-b760660e8371
langcode: en
status: true
dependencies:
  config:
    - field.storage.node.field_content_block
    - node.type.news
  module:
    - entity_reference_revisions
id: node.news.field_content_block
field_name: field_content_block
entity_type: node
bundle: news
label: Content
description: ''
required: false
translatable: false
default_value: {  }
default_value_callback: ''
settings:
  handler: 'default:paragraph'
  handler_settings:
    target_bundles: null
    negate: 0
    target_bundles_drag_drop:
      accordion:
        weight: 76
        enabled: false
      accordion_tabs:
        weight: 2
        enabled: false
      block_embed:
        weight: 25
        enabled: false
      block_embed_no_title:
        weight: 43
        enabled: false
      button_grid:
        weight: 48
        enabled: false
      button_item:
        weight: 49
        enabled: false
      callout:
        weight: 50
        enabled: false
      card_grid:
        weight: 51
        enabled: false
      card_item:
        weight: 52
        enabled: false
      card_item_blank:
        weight: 53
        enabled: false
      cell:
        weight: 29
        enabled: false
      class_session:
        weight: 77
        enabled: false
      collapsible_block:
        weight: 4
        enabled: false
      content_video:
        weight: 31
        enabled: false
      entity_list:
        weight: 5
        enabled: false
      faq:
        weight: 6
        enabled: false
      faq_item:
        weight: 79
        enabled: false
      feature:
        weight: 72
        enabled: false
      flipbook_grid:
        weight: -50
        enabled: false
      flipbook_grid_item:
        weight: -50
        enabled: false
      grid:
        weight: 34
        enabled: false
      horizontal_single_tab:
        weight: 80
        enabled: false
      horizontal_tabs:
        weight: -50
        enabled: false
      hours:
        weight: 81
        enabled: false
      icon_card_item:
        weight: 63
        enabled: false
      image:
        weight: 8
        enabled: false
      image_collection:
        weight: 82
        enabled: false
      image_only:
        weight: 9
        enabled: false
      layout:
        weight: 83
        enabled: false
      looping_video:
        weight: 37
        enabled: false
      menu_tabs:
        weight: 84
        enabled: false
      modal_media_gallery:
        weight: -44
        enabled: false
      multi_column_layout_text_:
        weight: 68
        enabled: false
      promotion_one:
        weight: 85
        enabled: false
      promotion_three:
        weight: 86
        enabled: false
      promotion_two:
        weight: 87
        enabled: false
      secondary_feature:
        weight: 91
        enabled: false
      section:
        weight: 39
        enabled: false
      section_heading:
        weight: 70
        enabled: false
      single_image_with_caption:
        weight: -28
        enabled: false
      slideshow:
        weight: 14
        enabled: false
      slideshow_container:
        weight: 88
        enabled: false
      spacer:
        weight: 97
        enabled: false
      sponsors:
        weight: 89
        enabled: false
      sticky_anchor_menu:
        weight: 73
        enabled: false
      text:
        weight: 15
        enabled: false
      thumbnail_slideshow:
        weight: 75
        enabled: false
      time_slot:
        weight: -44
        enabled: false
      two_column_grid:
        weight: 20
        enabled: false
      two_columns:
        weight: -76
        enabled: false
      two_columns_40_60:
        weight: 18
        enabled: false
      two_columns_equal:
        weight: 19
        enabled: false
      view_embed:
        weight: 22
        enabled: false
      webcam_embed:
        weight: -76
        enabled: false
field_type: entity_reference_revisions
